
Microsoft Visual Studio Solution File, Format Version 12.00
Project("{FAE04EC0-301F-11D3-BF4B-00C04F79EFBC}") = "LeetCodePractice", "LeetCodePractice\LeetCodePractice.csproj", "{A64A40CA-C5B5-4394-B64E-A3207716D37C}"
EndProject
Global
	GlobalSection(SolutionConfigurationPlatforms) = preSolution
		Debug|Any CPU = Debug|Any CPU
		Release|Any CPU = Release|Any CPU
	EndGlobalSection
	GlobalSection(ProjectConfigurationPlatforms) = postSolution
		{A64A40CA-C5B5-4394-B64E-A3207716D37C}.Debug|Any CPU.ActiveCfg = Debug|Any CPU
		{A64A40CA-C5B5-4394-B64E-A3207716D37C}.Debug|Any CPU.Build.0 = Debug|Any CPU
		{A64A40CA-C5B5-4394-B64E-A3207716D37C}.Release|Any CPU.ActiveCfg = Release|Any CPU
		{A64A40CA-C5B5-4394-B64E-A3207716D37C}.Release|Any CPU.Build.0 = Release|Any CPU
	EndGlobalSection
EndGlobal
